
Microsoft Visual Studio Solution File, Format Version 12.00
# Visual Studio 2013
VisualStudioVersion = 12.0.31101.0
MinimumVisualStudioVersion = 10.0.40219.1
Project("{FAE04EC0-301F-11D3-BF4B-00C04F79EFBC}") = "Grosvenor.UnitTest", "Grosvenor.UnitTest\Grosvenor.UnitTest.csproj", "{A6280547-895B-43E7-A740-700D15EB76D8}"
EndProject
Project("{FAE04EC0-301F-11D3-BF4B-00C04F79EFBC}") = "Grosvenor.Domain", "Grosvenor.Business\Grosvenor.Domain.csproj", "{283ACFC0-057C-46F9-B43F-C5466DAAC26D}"
EndProject
Project("{FAE04EC0-301F-11D3-BF4B-00C04F79EFBC}") = "Grosvenor.Presentation", "Grosvenor.Presentation\Grosvenor.Presentation.csproj", "{ADB89BFB-A900-4049-83BA-80D8F29B032D}"
EndProject
Global
	GlobalSection(SolutionConfigurationPlatforms) = preSolution
		Debug|Any CPU = Debug|Any CPU
		Release|Any CPU = Release|Any CPU
	EndGlobalSection
	GlobalSection(ProjectConfigurationPlatforms) = postSolution
		{A6280547-895B-43E7-A740-700D15EB76D8}.Debug|Any CPU.ActiveCfg = Debug|Any CPU
		{A6280547-895B-43E7-A740-700D15EB76D8}.Debug|Any CPU.Build.0 = Debug|Any CPU
		{A6280547-895B-43E7-A740-700D15EB76D8}.Release|Any CPU.ActiveCfg = Release|Any CPU
		{A6280547-895B-43E7-A740-700D15EB76D8}.Release|Any CPU.Build.0 = Release|Any CPU
		{283ACFC0-057C-46F9-B43F-C5466DAAC26D}.Debug|Any CPU.ActiveCfg = Debug|Any CPU
		{283ACFC0-057C-46F9-B43F-C5466DAAC26D}.Debug|Any CPU.Build.0 = Debug|Any CPU
		{283ACFC0-057C-46F9-B43F-C5466DAAC26D}.Release|Any CPU.ActiveCfg = Release|Any CPU
		{283ACFC0-057C-46F9-B43F-C5466DAAC26D}.Release|Any CPU.Build.0 = Release|Any CPU
		{ADB89BFB-A900-4049-83BA-80D8F29B032D}.Debug|Any CPU.ActiveCfg = Debug|Any CPU
		{ADB89BFB-A900-4049-83BA-80D8F29B032D}.Debug|Any CPU.Build.0 = Debug|Any CPU
		{ADB89BFB-A900-4049-83BA-80D8F29B032D}.Release|Any CPU.ActiveCfg = Release|Any CPU
		{ADB89BFB-A900-4049-83BA-80D8F29B032D}.Release|Any CPU.Build.0 = Release|Any CPU
	EndGlobalSection
	GlobalSection(SolutionProperties) = preSolution
		HideSolutionNode = FALSE
	EndGlobalSection
EndGlobal
